Microsoft Visual Studio Solution File, Format Version 12.00
# Visual Studio 15
VisualStudioVersion = 15.0.26124.0
MinimumVisualStudioVersion = 15.0.26124.0
Project("{2150E333-8FDC-42A3-9474-1A3956D46DE8}") = "src", "src", "{A29F8DA4-9776-4212-9E62-F1950BBF81A8}"
EndProject
Project("{2150E333-8FDC-42A3-9474-1A3956D46DE8}") = "Apps", "Apps", "{434D14B1-4278-4EFE-A84E-F2D7D6033966}"
EndProject
Project("{FAE04EC0-301F-11D3-BF4B-00C04F79EFBC}") = "ExampleApp.Api", "src\Apps\ExampleApp.Api\ExampleApp.Api.csproj", "{A4417122-DE45-421C-A69B-C03A3114B65C}"
EndProject
Project("{FAE04EC0-301F-11D3-BF4B-00C04F79EFBC}") = "ExampleApp.Migrations", "src\Apps\ExampleApp.Migrations\ExampleApp.Migrations.csproj", "{2305ECFB-2633-4302-B230-A98526CF0398}"
EndProject
Project("{2150E333-8FDC-42A3-9474-1A3956D46DE8}") = "Core", "Core", "{FFD4BBED-969F-4D9F-92F6-3DB4179A1F7D}"
EndProject
Project("{FAE04EC0-301F-11D3-BF4B-00C04F79EFBC}") = "ExampleApp.Core.Contracts", "src\Core\ExampleApp.Core.Contracts\ExampleApp.Core.Contracts.csproj", "{57A94A2C-817B-4FC8-87F6-49935E8848E5}"
EndProject
Project("{FAE04EC0-301F-11D3-BF4B-00C04F79EFBC}") = "ExampleApp.Core.Domain", "src\Core\ExampleApp.Core.Domain\ExampleApp.Core.Domain.csproj", "{4E633ACD-ABFA-49FA-B5F0-77161252C10A}"
EndProject
Project("{FAE04EC0-301F-11D3-BF4B-00C04F79EFBC}") = "ExampleApp.Core.Services", "src\Core\ExampleApp.Core.Services\ExampleApp.Core.Services.csproj", "{EBF80889-FDB4-4617-8BF8-C0386BFB08D7}"
EndProject
Project("{2150E333-8FDC-42A3-9474-1A3956D46DE8}") = "tests", "tests", "{11830B13-B74F-422D-9732-A6190D50FA4E}"
EndProject
Project("{2150E333-8FDC-42A3-9474-1A3956D46DE8}") = "Core", "Core", "{296BCC53-8602-4B29-BAAE-9F19C219F272}"
EndProject
Project("{FAE04EC0-301F-11D3-BF4B-00C04F79EFBC}") = "ExampleApp.Core.Domain.Tests", "tests\Core\ExampleApp.Core.Domain.Tests\ExampleApp.Core.Domain.Tests.csproj", "{D23A2285-3BB9-4955-BC7C-1C959589D828}"
EndProject
Project("{FAE04EC0-301F-11D3-BF4B-00C04F79EFBC}") = "ExampleApp.Core.Services.Tests", "tests\Core\ExampleApp.Core.Services.Tests\ExampleApp.Core.Services.Tests.csproj", "{77F32C87-67C4-4BDE-B398-0FC919502CA2}"
EndProject
Project("{FAE04EC0-301F-11D3-BF4B-00C04F79EFBC}") = "ExampleApp.IntegrationTests", "tests\ExampleApp.IntegrationTests\ExampleApp.IntegrationTests.csproj", "{AD276279-92B3-4E8F-94A3-44AFFDD62A63}"
EndProject
Project("{FAE04EC0-301F-11D3-BF4B-00C04F79EFBC}") = "ExampleApp.Tests", "tests\ExampleApp.Tests.csproj", "{DF802D5E-9E0D-4A69-84C2-6D95FA4ABC33}"
EndProject
Global
	GlobalSection(SolutionConfigurationPlatforms) = preSolution
		Debug|Any CPU = Debug|Any CPU
		Debug|x64 = Debug|x64
		Debug|x86 = Debug|x86
		Release|Any CPU = Release|Any CPU
		Release|x64 = Release|x64
		Release|x86 = Release|x86
	EndGlobalSection
	GlobalSection(SolutionProperties) = preSolution
		HideSolutionNode = FALSE
	EndGlobalSection
	GlobalSection(ProjectConfigurationPlatforms) = postSolution
		{A4417122-DE45-421C-A69B-C03A3114B65C}.Debug|Any CPU.ActiveCfg = Debug|Any CPU
		{A4417122-DE45-421C-A69B-C03A3114B65C}.Debug|Any CPU.Build.0 = Debug|Any CPU
		{A4417122-DE45-421C-A69B-C03A3114B65C}.Debug|x64.ActiveCfg = Debug|Any CPU
		{A4417122-DE45-421C-A69B-C03A3114B65C}.Debug|x64.Build.0 = Debug|Any CPU
		{A4417122-DE45-421C-A69B-C03A3114B65C}.Debug|x86.ActiveCfg = Debug|Any CPU
		{A4417122-DE45-421C-A69B-C03A3114B65C}.Debug|x86.Build.0 = Debug|Any CPU
		{A4417122-DE45-421C-A69B-C03A3114B65C}.Release|Any CPU.ActiveCfg = Release|Any CPU
		{A4417122-DE45-421C-A69B-C03A3114B65C}.Release|Any CPU.Build.0 = Release|Any CPU
		{A4417122-DE45-421C-A69B-C03A3114B65C}.Release|x64.ActiveCfg = Release|Any CPU
		{A4417122-DE45-421C-A69B-C03A3114B65C}.Release|x64.Build.0 = Release|Any CPU
		{A4417122-DE45-421C-A69B-C03A3114B65C}.Release|x86.ActiveCfg = Release|Any CPU
		{A4417122-DE45-421C-A69B-C03A3114B65C}.Release|x86.Build.0 = Release|Any CPU
		{2305ECFB-2633-4302-B230-A98526CF0398}.Debug|Any CPU.ActiveCfg = Debug|Any CPU
		{2305ECFB-2633-4302-B230-A98526CF0398}.Debug|Any CPU.Build.0 = Debug|Any CPU
		{2305ECFB-2633-4302-B230-A98526CF0398}.Debug|x64.ActiveCfg = Debug|Any CPU
		{2305ECFB-2633-4302-B230-A98526CF0398}.Debug|x64.Build.0 = Debug|Any CPU
		{2305ECFB-2633-4302-B230-A98526CF0398}.Debug|x86.ActiveCfg = Debug|Any CPU
		{2305ECFB-2633-4302-B230-A98526CF0398}.Debug|x86.Build.0 = Debug|Any CPU
		{2305ECFB-2633-4302-B230-A98526CF0398}.Release|Any CPU.ActiveCfg = Release|Any CPU
		{2305ECFB-2633-4302-B230-A98526CF0398}.Release|Any CPU.Build.0 = Release|Any CPU
		{2305ECFB-2633-4302-B230-A98526CF0398}.Release|x64.ActiveCfg = Release|Any CPU
		{2305ECFB-2633-4302-B230-A98526CF0398}.Release|x64.Build.0 = Release|Any CPU
		{2305ECFB-2633-4302-B230-A98526CF0398}.Release|x86.ActiveCfg = Release|Any CPU
		{2305ECFB-2633-4302-B230-A98526CF0398}.Release|x86.Build.0 = Release|Any CPU
		{57A94A2C-817B-4FC8-87F6-49935E8848E5}.Debug|Any CPU.ActiveCfg = Debug|Any CPU
		{57A94A2C-817B-4FC8-87F6-49935E8848E5}.Debug|Any CPU.Build.0 = Debug|Any CPU
		{57A94A2C-817B-4FC8-87F6-49935E8848E5}.Debug|x64.ActiveCfg = Debug|Any CPU
		{57A94A2C-817B-4FC8-87F6-49935E8848E5}.Debug|x64.Build.0 = Debug|Any CPU
		{57A94A2C-817B-4FC8-87F6-49935E8848E5}.Debug|x86.ActiveCfg = Debug|Any CPU
		{57A94A2C-817B-4FC8-87F6-49935E8848E5}.Debug|x86.Build.0 = Debug|Any CPU
		{57A94A2C-817B-4FC8-87F6-49935E8848E5}.Release|Any CPU.ActiveCfg = Release|Any CPU
		{57A94A2C-817B-4FC8-87F6-49935E8848E5}.Release|Any CPU.Build.0 = Release|Any CPU
		{57A94A2C-817B-4FC8-87F6-49935E8848E5}.Release|x64.ActiveCfg = Release|Any CPU
		{57A94A2C-817B-4FC8-87F6-49935E8848E5}.Release|x64.Build.0 = Release|Any CPU
		{57A94A2C-817B-4FC8-87F6-49935E8848E5}.Release|x86.ActiveCfg = Release|Any CPU
		{57A94A2C-817B-4FC8-87F6-49935E8848E5}.Release|x86.Build.0 = Release|Any CPU
		{4E633ACD-ABFA-49FA-B5F0-77161252C10A}.Debug|Any CPU.ActiveCfg = Debug|Any CPU
		{4E633ACD-ABFA-49FA-B5F0-77161252C10A}.Debug|Any CPU.Build.0 = Debug|Any CPU
		{4E633ACD-ABFA-49FA-B5F0-77161252C10A}.Debug|x64.ActiveCfg = Debug|Any CPU
		{4E633ACD-ABFA-49FA-B5F0-77161252C10A}.Debug|x64.Build.0 = Debug|Any CPU
		{4E633ACD-ABFA-49FA-B5F0-77161252C10A}.Debug|x86.ActiveCfg = Debug|Any CPU
		{4E633ACD-ABFA-49FA-B5F0-77161252C10A}.Debug|x86.Build.0 = Debug|Any CPU
		{4E633ACD-ABFA-49FA-B5F0-77161252C10A}.Release|Any CPU.ActiveCfg = Release|Any CPU
		{4E633ACD-ABFA-49FA-B5F0-77161252C10A}.Release|Any CPU.Build.0 = Release|Any CPU
		{4E633ACD-ABFA-49FA-B5F0-77161252C10A}.Release|x64.ActiveCfg = Release|Any CPU
		{4E633ACD-ABFA-49FA-B5F0-77161252C10A}.Release|x64.Build.0 = Release|Any CPU
		{4E633ACD-ABFA-49FA-B5F0-77161252C10A}.Release|x86.ActiveCfg = Release|Any CPU
		{4E633ACD-ABFA-49FA-B5F0-77161252C10A}.Release|x86.Build.0 = Release|Any CPU
		{EBF80889-FDB4-4617-8BF8-C0386BFB08D7}.Debug|Any CPU.ActiveCfg = Debug|Any CPU
		{EBF80889-FDB4-4617-8BF8-C0386BFB08D7}.Debug|Any CPU.Build.0 = Debug|Any CPU
		{EBF80889-FDB4-4617-8BF8-C0386BFB08D7}.Debug|x64.ActiveCfg = Debug|Any CPU
		{EBF80889-FDB4-4617-8BF8-C0386BFB08D7}.Debug|x64.Build.0 = Debug|Any CPU
		{EBF80889-FDB4-4617-8BF8-C0386BFB08D7}.Debug|x86.ActiveCfg = Debug|Any CPU
		{EBF80889-FDB4-4617-8BF8-C0386BFB08D7}.Debug|x86.Build.0 = Debug|Any CPU
		{EBF80889-FDB4-4617-8BF8-C0386BFB08D7}.Release|Any CPU.ActiveCfg = Release|Any CPU
		{EBF80889-FDB4-4617-8BF8-C0386BFB08D7}.Release|Any CPU.Build.0 = Release|Any CPU
		{EBF80889-FDB4-4617-8BF8-C0386BFB08D7}.Release|x64.ActiveCfg = Release|Any CPU
		{EBF80889-FDB4-4617-8BF8-C0386BFB08D7}.Release|x64.Build.0 = Release|Any CPU
		{EBF80889-FDB4-4617-8BF8-C0386BFB08D7}.Release|x86.ActiveCfg = Release|Any CPU
		{EBF80889-FDB4-4617-8BF8-C0386BFB08D7}.Release|x86.Build.0 = Release|Any CPU
		{D23A2285-3BB9-4955-BC7C-1C959589D828}.Debug|Any CPU.ActiveCfg = Debug|Any CPU
		{D23A2285-3BB9-4955-BC7C-1C959589D828}.Debug|Any CPU.Build.0 = Debug|Any CPU
		{D23A2285-3BB9-4955-BC7C-1C959589D828}.Debug|x64.ActiveCfg = Debug|Any CPU
		{D23A2285-3BB9-4955-BC7C-1C959589D828}.Debug|x64.Build.0 = Debug|Any CPU
		{D23A2285-3BB9-4955-BC7C-1C959589D828}.Debug|x86.ActiveCfg = Debug|Any CPU
		{D23A2285-3BB9-4955-BC7C-1C959589D828}.Debug|x86.Build.0 = Debug|Any CPU
		{D23A2285-3BB9-4955-BC7C-1C959589D828}.Release|Any CPU.ActiveCfg = Release|Any CPU
		{D23A2285-3BB9-4955-BC7C-1C959589D828}.Release|Any CPU.Build.0 = Release|Any CPU
		{D23A2285-3BB9-4955-BC7C-1C959589D828}.Release|x64.ActiveCfg = Release|Any CPU
		{D23A2285-3BB9-4955-BC7C-1C959589D828}.Release|x64.Build.0 = Release|Any CPU
		{D23A2285-3BB9-4955-BC7C-1C959589D828}.Release|x86.ActiveCfg = Release|Any CPU
		{D23A2285-3BB9-4955-BC7C-1C959589D828}.Release|x86.Build.0 = Release|Any CPU
		{77F32C87-67C4-4BDE-B398-0FC919502CA2}.Debug|Any CPU.ActiveCfg = Debug|Any CPU
		{77F32C87-67C4-4BDE-B398-0FC919502CA2}.Debug|Any CPU.Build.0 = Debug|Any CPU
		{77F32C87-67C4-4BDE-B398-0FC919502CA2}.Debug|x64.ActiveCfg = Debug|Any CPU
		{77F32C87-67C4-4BDE-B398-0FC919502CA2}.Debug|x64.Build.0 = Debug|Any CPU
		{77F32C87-67C4-4BDE-B398-0FC919502CA2}.Debug|x86.ActiveCfg = Debug|Any CPU
		{77F32C87-67C4-4BDE-B398-0FC919502CA2}.Debug|x86.Build.0 = Debug|Any CPU
		{77F32C87-67C4-4BDE-B398-0FC919502CA2}.Release|Any CPU.ActiveCfg = Release|Any CPU
		{77F32C87-67C4-4BDE-B398-0FC919502CA2}.Release|Any CPU.Build.0 = Release|Any CPU
		{77F32C87-67C4-4BDE-B398-0FC919502CA2}.Release|x64.ActiveCfg = Release|Any CPU
		{77F32C87-67C4-4BDE-B398-0FC919502CA2}.Release|x64.Build.0 = Release|Any CPU
		{77F32C87-67C4-4BDE-B398-0FC919502CA2}.Release|x86.ActiveCfg = Release|Any CPU
		{77F32C87-67C4-4BDE-B398-0FC919502CA2}.Release|x86.Build.0 = Release|Any CPU
		{AD276279-92B3-4E8F-94A3-44AFFDD62A63}.Debug|Any CPU.ActiveCfg = Debug|Any CPU
		{AD276279-92B3-4E8F-94A3-44AFFDD62A63}.Debug|Any CPU.Build.0 = Debug|Any CPU
		{AD276279-92B3-4E8F-94A3-44AFFDD62A63}.Debug|x64.ActiveCfg = Debug|Any CPU
		{AD276279-92B3-4E8F-94A3-44AFFDD62A63}.Debug|x64.Build.0 = Debug|Any CPU
		{AD276279-92B3-4E8F-94A3-44AFFDD62A63}.Debug|x86.ActiveCfg = Debug|Any CPU
		{AD276279-92B3-4E8F-94A3-44AFFDD62A63}.Debug|x86.Build.0 = Debug|Any CPU
		{AD276279-92B3-4E8F-94A3-44AFFDD62A63}.Release|Any CPU.ActiveCfg = Release|Any CPU
		{AD276279-92B3-4E8F-94A3-44AFFDD62A63}.Release|Any CPU.Build.0 = Release|Any CPU
		{AD276279-92B3-4E8F-94A3-44AFFDD62A63}.Release|x64.ActiveCfg = Release|Any CPU
		{AD276279-92B3-4E8F-94A3-44AFFDD62A63}.Release|x64.Build.0 = Release|Any CPU
		{AD276279-92B3-4E8F-94A3-44AFFDD62A63}.Release|x86.ActiveCfg = Release|Any CPU
		{AD276279-92B3-4E8F-94A3-44AFFDD62A63}.Release|x86.Build.0 = Release|Any CPU
		{DF802D5E-9E0D-4A69-84C2-6D95FA4ABC33}.Debug|Any CPU.ActiveCfg = Debug|Any CPU
		{DF802D5E-9E0D-4A69-84C2-6D95FA4ABC33}.Debug|Any CPU.Build.0 = Debug|Any CPU
		{DF802D5E-9E0D-4A69-84C2-6D95FA4ABC33}.Debug|x64.ActiveCfg = Debug|Any CPU
		{DF802D5E-9E0D-4A69-84C2-6D95FA4ABC33}.Debug|x64.Build.0 = Debug|Any CPU
		{DF802D5E-9E0D-4A69-84C2-6D95FA4ABC33}.Debug|x86.ActiveCfg = Debug|Any CPU
		{DF802D5E-9E0D-4A69-84C2-6D95FA4ABC33}.Debug|x86.Build.0 = Debug|Any CPU
		{DF802D5E-9E0D-4A69-84C2-6D95FA4ABC33}.Release|Any CPU.ActiveCfg = Release|Any CPU
		{DF802D5E-9E0D-4A69-84C2-6D95FA4ABC33}.Release|Any CPU.Build.0 = Release|Any CPU
		{DF802D5E-9E0D-4A69-84C2-6D95FA4ABC33}.Release|x64.ActiveCfg = Release|Any CPU
		{DF802D5E-9E0D-4A69-84C2-6D95FA4ABC33}.Release|x64.Build.0 = Release|Any CPU
		{DF802D5E-9E0D-4A69-84C2-6D95FA4ABC33}.Release|x86.ActiveCfg = Release|Any CPU
		{DF802D5E-9E0D-4A69-84C2-6D95FA4ABC33}.Release|x86.Build.0 = Release|Any CPU
	EndGlobalSection
	GlobalSection(NestedProjects) = preSolution
		{434D14B1-4278-4EFE-A84E-F2D7D6033966} = {A29F8DA4-9776-4212-9E62-F1950BBF81A8}
		{A4417122-DE45-421C-A69B-C03A3114B65C} = {434D14B1-4278-4EFE-A84E-F2D7D6033966}
		{2305ECFB-2633-4302-B230-A98526CF0398} = {434D14B1-4278-4EFE-A84E-F2D7D6033966}
		{FFD4BBED-969F-4D9F-92F6-3DB4179A1F7D} = {A29F8DA4-9776-4212-9E62-F1950BBF81A8}
		{57A94A2C-817B-4FC8-87F6-49935E8848E5} = {FFD4BBED-969F-4D9F-92F6-3DB4179A1F7D}
		{4E633ACD-ABFA-49FA-B5F0-77161252C10A} = {FFD4BBED-969F-4D9F-92F6-3DB4179A1F7D}
		{EBF80889-FDB4-4617-8BF8-C0386BFB08D7} = {FFD4BBED-969F-4D9F-92F6-3DB4179A1F7D}
		{296BCC53-8602-4B29-BAAE-9F19C219F272} = {11830B13-B74F-422D-9732-A6190D50FA4E}
		{D23A2285-3BB9-4955-BC7C-1C959589D828} = {296BCC53-8602-4B29-BAAE-9F19C219F272}
		{77F32C87-67C4-4BDE-B398-0FC919502CA2} = {296BCC53-8602-4B29-BAAE-9F19C219F272}
		{AD276279-92B3-4E8F-94A3-44AFFDD62A63} = {11830B13-B74F-422D-9732-A6190D50FA4E}
	EndGlobalSection
EndGlobal
